
Microsoft Visual Studio Solution File, Format Version 12.00
# Visual Studio 14
VisualStudioVersion = 14.0.24720.0
MinimumVisualStudioVersion = 10.0.40219.1
Project("{2150E333-8FDC-42A3-9474-1A3956D46DE8}") = "Engine", "Engine", "{7AF7D3D7-05DF-437F-84D9-CA3A0FB5530E}"
EndProject
Project("{2150E333-8FDC-42A3-9474-1A3956D46DE8}") = "Games", "Games", "{CCB614DC-9066-4AA4-83F5-B9B7E04AAAC2}"
EndProject
Project("{8BC9CEB8-8B4A-11D0-8D11-00A0C91BC942}") = "UE4", "Intermediate\ProjectFiles\UE4.vcxproj", "{56E2B7A8-AC78-4269-A27B-FE87E97D4E2E}"
EndProject
Project("{8BC9CEB8-8B4A-11D0-8D11-00A0C91BC942}") = "UnrealGames", "Intermediate\ProjectFiles\UnrealGames.vcxproj", "{66754586-4C8C-4D10-B967-380B0E4E3772}"
EndProject
Global
	GlobalSection(SolutionConfigurationPlatforms) = preSolution
		DebugGame Editor|Win32 = DebugGame Editor|Win32
		DebugGame Editor|Win64 = DebugGame Editor|Win64
		DebugGame|Win32 = DebugGame|Win32
		DebugGame|Win64 = DebugGame|Win64
		Development Editor|Win32 = Development Editor|Win32
		Development Editor|Win64 = Development Editor|Win64
		Development|Win32 = Development|Win32
		Development|Win64 = Development|Win64
		Shipping|Win32 = Shipping|Win32
		Shipping|Win64 = Shipping|Win64
	EndGlobalSection
	GlobalSection(ProjectConfigurationPlatforms) = postSolution
		{56E2B7A8-AC78-4269-A27B-FE87E97D4E2E}.DebugGame Editor|Win32.ActiveCfg = BuiltWithUnrealBuildTool|Win32
		{56E2B7A8-AC78-4269-A27B-FE87E97D4E2E}.DebugGame Editor|Win32.Build.0 = BuiltWithUnrealBuildTool|Win32
		{56E2B7A8-AC78-4269-A27B-FE87E97D4E2E}.DebugGame Editor|Win64.ActiveCfg = BuiltWithUnrealBuildTool|Win32
		{56E2B7A8-AC78-4269-A27B-FE87E97D4E2E}.DebugGame Editor|Win64.Build.0 = BuiltWithUnrealBuildTool|Win32
		{56E2B7A8-AC78-4269-A27B-FE87E97D4E2E}.DebugGame|Win32.ActiveCfg = BuiltWithUnrealBuildTool|Win32
		{56E2B7A8-AC78-4269-A27B-FE87E97D4E2E}.DebugGame|Win32.Build.0 = BuiltWithUnrealBuildTool|Win32
		{56E2B7A8-AC78-4269-A27B-FE87E97D4E2E}.DebugGame|Win64.ActiveCfg = BuiltWithUnrealBuildTool|Win32
		{56E2B7A8-AC78-4269-A27B-FE87E97D4E2E}.DebugGame|Win64.Build.0 = BuiltWithUnrealBuildTool|Win32
		{56E2B7A8-AC78-4269-A27B-FE87E97D4E2E}.Development Editor|Win32.ActiveCfg = BuiltWithUnrealBuildTool|Win32
		{56E2B7A8-AC78-4269-A27B-FE87E97D4E2E}.Development Editor|Win32.Build.0 = BuiltWithUnrealBuildTool|Win32
		{56E2B7A8-AC78-4269-A27B-FE87E97D4E2E}.Development Editor|Win64.ActiveCfg = BuiltWithUnrealBuildTool|Win32
		{56E2B7A8-AC78-4269-A27B-FE87E97D4E2E}.Development Editor|Win64.Build.0 = BuiltWithUnrealBuildTool|Win32
		{56E2B7A8-AC78-4269-A27B-FE87E97D4E2E}.Development|Win32.ActiveCfg = BuiltWithUnrealBuildTool|Win32
		{56E2B7A8-AC78-4269-A27B-FE87E97D4E2E}.Development|Win32.Build.0 = BuiltWithUnrealBuildTool|Win32
		{56E2B7A8-AC78-4269-A27B-FE87E97D4E2E}.Development|Win64.ActiveCfg = BuiltWithUnrealBuildTool|Win32
		{56E2B7A8-AC78-4269-A27B-FE87E97D4E2E}.Development|Win64.Build.0 = BuiltWithUnrealBuildTool|Win32
		{56E2B7A8-AC78-4269-A27B-FE87E97D4E2E}.Shipping|Win32.ActiveCfg = BuiltWithUnrealBuildTool|Win32
		{56E2B7A8-AC78-4269-A27B-FE87E97D4E2E}.Shipping|Win32.Build.0 = BuiltWithUnrealBuildTool|Win32
		{56E2B7A8-AC78-4269-A27B-FE87E97D4E2E}.Shipping|Win64.ActiveCfg = BuiltWithUnrealBuildTool|Win32
		{56E2B7A8-AC78-4269-A27B-FE87E97D4E2E}.Shipping|Win64.Build.0 = BuiltWithUnrealBuildTool|Win32
		{66754586-4C8C-4D10-B967-380B0E4E3772}.DebugGame Editor|Win32.ActiveCfg = DebugGame_Editor|Win32
		{66754586-4C8C-4D10-B967-380B0E4E3772}.DebugGame Editor|Win32.Build.0 = DebugGame_Editor|Win32
		{66754586-4C8C-4D10-B967-380B0E4E3772}.DebugGame Editor|Win64.ActiveCfg = DebugGame_Editor|x64
		{66754586-4C8C-4D10-B967-380B0E4E3772}.DebugGame Editor|Win64.Build.0 = DebugGame_Editor|x64
		{66754586-4C8C-4D10-B967-380B0E4E3772}.DebugGame|Win32.ActiveCfg = DebugGame_Game|Win32
		{66754586-4C8C-4D10-B967-380B0E4E3772}.DebugGame|Win32.Build.0 = DebugGame_Game|Win32
		{66754586-4C8C-4D10-B967-380B0E4E3772}.DebugGame|Win64.ActiveCfg = DebugGame_Game|x64
		{66754586-4C8C-4D10-B967-380B0E4E3772}.DebugGame|Win64.Build.0 = DebugGame_Game|x64
		{66754586-4C8C-4D10-B967-380B0E4E3772}.Development Editor|Win32.ActiveCfg = Development_Editor|Win32
		{66754586-4C8C-4D10-B967-380B0E4E3772}.Development Editor|Win32.Build.0 = Development_Editor|Win32
		{66754586-4C8C-4D10-B967-380B0E4E3772}.Development Editor|Win64.ActiveCfg = Development_Editor|x64
		{66754586-4C8C-4D10-B967-380B0E4E3772}.Development Editor|Win64.Build.0 = Development_Editor|x64
		{66754586-4C8C-4D10-B967-380B0E4E3772}.Development|Win32.ActiveCfg = Development_Game|Win32
		{66754586-4C8C-4D10-B967-380B0E4E3772}.Development|Win32.Build.0 = Development_Game|Win32
		{66754586-4C8C-4D10-B967-380B0E4E3772}.Development|Win64.ActiveCfg = Development_Game|x64
		{66754586-4C8C-4D10-B967-380B0E4E3772}.Development|Win64.Build.0 = Development_Game|x64
		{66754586-4C8C-4D10-B967-380B0E4E3772}.Shipping|Win32.ActiveCfg = Shipping_Game|Win32
		{66754586-4C8C-4D10-B967-380B0E4E3772}.Shipping|Win32.Build.0 = Shipping_Game|Win32
		{66754586-4C8C-4D10-B967-380B0E4E3772}.Shipping|Win64.ActiveCfg = Shipping_Game|x64
		{66754586-4C8C-4D10-B967-380B0E4E3772}.Shipping|Win64.Build.0 = Shipping_Game|x64
	EndGlobalSection
	GlobalSection(SolutionProperties) = preSolution
		HideSolutionNode = FALSE
	EndGlobalSection
	GlobalSection(NestedProjects) = preSolution
		{56E2B7A8-AC78-4269-A27B-FE87E97D4E2E} = {7AF7D3D7-05DF-437F-84D9-CA3A0FB5530E}
		{66754586-4C8C-4D10-B967-380B0E4E3772} = {CCB614DC-9066-4AA4-83F5-B9B7E04AAAC2}
	EndGlobalSection
EndGlobal
